
Microsoft Visual Studio Solution File, Format Version 12.00
# Visual Studio Version 16
VisualStudioVersion = 16.0.30225.117
MinimumVisualStudioVersion = 10.0.40219.1
Project("{FAE04EC0-301F-11D3-BF4B-00C04F79EFBC}") = "PriBack", "PriBack\PriBack.csproj", "{08BF0F89-E387-4802-92F4-730333D2BFD0}"
EndProject
Global
	GlobalSection(SolutionConfigurationPlatforms) = preSolution
		Debug|Any CPU = Debug|Any CPU
		Release|Any CPU = Release|Any CPU
	EndGlobalSection
	GlobalSection(ProjectConfigurationPlatforms) = postSolution
		{08BF0F89-E387-4802-92F4-730333D2BFD0}.Debug|Any CPU.ActiveCfg = Debug|Any CPU
		{08BF0F89-E387-4802-92F4-730333D2BFD0}.Debug|Any CPU.Build.0 = Debug|Any CPU
		{08BF0F89-E387-4802-92F4-730333D2BFD0}.Release|Any CPU.ActiveCfg = Release|Any CPU
		{08BF0F89-E387-4802-92F4-730333D2BFD0}.Release|Any CPU.Build.0 = Release|Any CPU
	EndGlobalSection
	GlobalSection(SolutionProperties) = preSolution
		HideSolutionNode = FALSE
	EndGlobalSection
	GlobalSection(ExtensibilityGlobals) = postSolution
		SolutionGuid = {990B9885-17AF-4680-A945-2715E7DC73AE}
	EndGlobalSection
EndGlobal
