
Microsoft Visual Studio Solution File, Format Version 12.00
# Visual Studio Version 16
VisualStudioVersion = 16.0.30225.117
MinimumVisualStudioVersion = 10.0.40219.1
Project("{FAE04EC0-301F-11D3-BF4B-00C04F79EFBC}") = "StockSystem", "StockSystem\StockSystem.csproj", "{497407BF-AD07-4FAB-94FF-BF07AB672EA8}"
EndProject
Global
	GlobalSection(SolutionConfigurationPlatforms) = preSolution
		Debug|Any CPU = Debug|Any CPU
		Release|Any CPU = Release|Any CPU
	EndGlobalSection
	GlobalSection(ProjectConfigurationPlatforms) = postSolution
		{497407BF-AD07-4FAB-94FF-BF07AB672EA8}.Debug|Any CPU.ActiveCfg = Debug|Any CPU
		{497407BF-AD07-4FAB-94FF-BF07AB672EA8}.Debug|Any CPU.Build.0 = Debug|Any CPU
		{497407BF-AD07-4FAB-94FF-BF07AB672EA8}.Release|Any CPU.ActiveCfg = Release|Any CPU
		{497407BF-AD07-4FAB-94FF-BF07AB672EA8}.Release|Any CPU.Build.0 = Release|Any CPU
	EndGlobalSection
	GlobalSection(SolutionProperties) = preSolution
		HideSolutionNode = FALSE
	EndGlobalSection
	GlobalSection(ExtensibilityGlobals) = postSolution
		SolutionGuid = {AB25E6AF-38CC-4642-BAA0-8E55E3331289}
	EndGlobalSection
EndGlobal
