
Microsoft Visual Studio Solution File, Format Version 12.00
# Visual Studio Version 16
VisualStudioVersion = 16.0.29728.190
MinimumVisualStudioVersion = 10.0.40219.1
Project("{8BC9CEB8-8B4A-11D0-8D11-00A0C91BC942}") = "9-2", "PtrPra\PtrPra.vcxproj", "{40A44B7E-CC17-4C49-8FF0-3C9261750FE0}"
EndProject
Project("{2150E333-8FDC-42A3-9474-1A3956D46DE8}") = "Ch09", "Ch09", "{3FEA3866-9372-49DA-A7BB-C2D59006BA29}"
EndProject
Project("{8BC9CEB8-8B4A-11D0-8D11-00A0C91BC942}") = "9-3", "PtraPra2\PtraPra2.vcxproj", "{1142343E-83FC-4CA9-BCCB-3F3B71508095}"
EndProject
Project("{8BC9CEB8-8B4A-11D0-8D11-00A0C91BC942}") = "9-4", "PtrConstPra\PtrConstPra.vcxproj", "{5332A896-9E39-4523-BA9A-6F4FFB987706}"
EndProject
Project("{8BC9CEB8-8B4A-11D0-8D11-00A0C91BC942}") = "9-7", "9-7\9-7.vcxproj", "{F585E41D-3081-4C50-9163-378F860076BD}"
EndProject
Project("{8BC9CEB8-8B4A-11D0-8D11-00A0C91BC942}") = "9-8", "9-8\9-8.vcxproj", "{F1AA285C-7E57-4CC4-91E2-12D397EFEC0D}"
EndProject
Project("{2150E333-8FDC-42A3-9474-1A3956D46DE8}") = "Ch10", "Ch10", "{A8EF12F6-B672-4E5C-A1BA-C4209BEA7A58}"
EndProject
Project("{8BC9CEB8-8B4A-11D0-8D11-00A0C91BC942}") = "10-2", "10-2\10-2.vcxproj", "{AD4E4626-A977-4C4F-8B59-2B00A4682735}"
EndProject
Project("{8BC9CEB8-8B4A-11D0-8D11-00A0C91BC942}") = "10s", "10s\10s.vcxproj", "{13E3321A-763C-4C56-898C-2FE5E025B660}"
EndProject
Project("{2150E333-8FDC-42A3-9474-1A3956D46DE8}") = "Orange", "Orange", "{98A2B64B-5922-4AD6-BE4C-357166215A2C}"
EndProject
Project("{8BC9CEB8-8B4A-11D0-8D11-00A0C91BC942}") = "221", "221\221.vcxproj", "{9DD78678-5B09-430C-9BC3-573F5FF76EC7}"
EndProject
Project("{8BC9CEB8-8B4A-11D0-8D11-00A0C91BC942}") = "248", "248\248.vcxproj", "{F763E6B5-485F-4B73-846B-C1285139C784}"
EndProject
Project("{8BC9CEB8-8B4A-11D0-8D11-00A0C91BC942}") = "260", "260\260.vcxproj", "{6BB304F5-C83A-4FED-B582-91FD69E21872}"
EndProject
Project("{8BC9CEB8-8B4A-11D0-8D11-00A0C91BC942}") = "458", "458\458.vcxproj", "{5D1B4465-A61E-4457-9EA7-AA099EFA96BD}"
EndProject
Project("{2150E333-8FDC-42A3-9474-1A3956D46DE8}") = "Struct", "Struct", "{24DDD0D6-C596-47F5-AB4E-2836261715F2}"
EndProject
Project("{8BC9CEB8-8B4A-11D0-8D11-00A0C91BC942}") = "linkedlist", "linkedlist\linkedlist.vcxproj", "{0CAB18B3-7C67-47FC-B80F-526CF2995B66}"
EndProject
Project("{8BC9CEB8-8B4A-11D0-8D11-00A0C91BC942}") = "ArrQ", "ArrQ\ArrQ.vcxproj", "{5340D38D-CFFA-4B2B-BEEB-09346B696176}"
EndProject
Project("{8BC9CEB8-8B4A-11D0-8D11-00A0C91BC942}") = "268", "268\268.vcxproj", "{E7985A10-A311-4652-8FF5-C6DA71873CED}"
EndProject
Project("{8BC9CEB8-8B4A-11D0-8D11-00A0C91BC942}") = "284", "284\284.vcxproj", "{6525C89F-2FA9-4E14-B534-F499743EE12F}"
EndProject
Project("{8BC9CEB8-8B4A-11D0-8D11-00A0C91BC942}") = "299", "299\299.vcxproj", "{75B9B7CA-D5D5-43AC-8DD8-92DA2AB6D980}"
EndProject
Project("{8BC9CEB8-8B4A-11D0-8D11-00A0C91BC942}") = "312", "312\312.vcxproj", "{1AA16CB1-0E33-4E3F-A5F2-8F6F2441472C}"
EndProject
Project("{8BC9CEB8-8B4A-11D0-8D11-00A0C91BC942}") = "317", "317\317.vcxproj", "{7225A851-D918-44B4-9DD2-9CA651D2861C}"
EndProject
Project("{8BC9CEB8-8B4A-11D0-8D11-00A0C91BC942}") = "320", "320\320.vcxproj", "{A2901866-AE55-4B69-854C-50B875DB3DAA}"
EndProject
Project("{8BC9CEB8-8B4A-11D0-8D11-00A0C91BC942}") = "328", "328\328.vcxproj", "{AA401E7E-AE6F-4862-B909-62189981B090}"
EndProject
Project("{8BC9CEB8-8B4A-11D0-8D11-00A0C91BC942}") = "348", "348\348.vcxproj", "{DE78D740-51F7-4DC5-AEB8-7AC00B789C6A}"
EndProject
Project("{8BC9CEB8-8B4A-11D0-8D11-00A0C91BC942}") = "368", "368\368.vcxproj", "{562D5063-37CF-40DE-96D9-14DC96441FEB}"
EndProject
Project("{2150E333-8FDC-42A3-9474-1A3956D46DE8}") = "class", "class", "{5AB3C920-B32D-4B95-A1B0-65BBB8A88F6E}"
EndProject
Project("{8BC9CEB8-8B4A-11D0-8D11-00A0C91BC942}") = "1-8p", "1-7p\1-7p.vcxproj", "{AB8FA7D9-364A-47B6-A183-0240C10495E0}"
EndProject
Project("{8BC9CEB8-8B4A-11D0-8D11-00A0C91BC942}") = "1-10p", "1-10p\1-10p.vcxproj", "{1C4FB127-05BE-49C4-9927-130A23282069}"
EndProject
Project("{8BC9CEB8-8B4A-11D0-8D11-00A0C91BC942}") = "1-13p", "1-13p\1-13p.vcxproj", "{580D2C63-43EE-4AE9-9F03-B2F8A5ACC485}"
EndProject
Project("{2150E333-8FDC-42A3-9474-1A3956D46DE8}") = "Inflearn", "Inflearn", "{623C21A4-E3E1-4D4C-B20F-CE9AF044681B}"
EndProject
Project("{2150E333-8FDC-42A3-9474-1A3956D46DE8}") = "Data Structure", "Data Structure", "{7270B653-F0AE-4B50-AD0A-5C870E4E17FD}"
EndProject
Project("{8BC9CEB8-8B4A-11D0-8D11-00A0C91BC942}") = "4-1", "4-1\4-1.vcxproj", "{AEDA5176-7CF4-4CF4-AF4A-094BFC0DEB0D}"
EndProject
Project("{8BC9CEB8-8B4A-11D0-8D11-00A0C91BC942}") = "4-1-0", "4-1-0\4-1-0.vcxproj", "{CE626E8F-0004-4E70-856E-BE93F7DD43F0}"
EndProject
Project("{2150E333-8FDC-42A3-9474-1A3956D46DE8}") = "ex_c", "ex_c", "{7C9B0D1F-ACB0-4C7C-AC2D-E9B1C6D3DB04}"
EndProject
Project("{8BC9CEB8-8B4A-11D0-8D11-00A0C91BC942}") = "ex_C", "ex_C\ex_C.vcxproj", "{ED4E2FA3-F306-4242-A8ED-8A75786455E1}"
EndProject
Project("{8BC9CEB8-8B4A-11D0-8D11-00A0C91BC942}") = "ex_c2", "ex_c2\ex_c2.vcxproj", "{B59B4975-A3DD-4081-8B45-B0BD382C78E0}"
EndProject
Project("{8BC9CEB8-8B4A-11D0-8D11-00A0C91BC942}") = "exc_3", "exc_3\exc_3.vcxproj", "{E4F7AD22-47E4-4CDD-8C8A-7D471A82843E}"
EndProject
Project("{8BC9CEB8-8B4A-11D0-8D11-00A0C91BC942}") = "ex_c4", "ex_c4\ex_c4.vcxproj", "{0B6D35C7-F85A-4163-84FD-13994A761A60}"
EndProject
Project("{8BC9CEB8-8B4A-11D0-8D11-00A0C91BC942}") = "ex_c1", "ex_c1\ex_c1.vcxproj", "{468F7CBD-2B65-428C-AE05-6E35A9B49F5E}"
EndProject
Global
	GlobalSection(SolutionConfigurationPlatforms) = preSolution
		Debug|x64 = Debug|x64
		Debug|x86 = Debug|x86
		Release|x64 = Release|x64
		Release|x86 = Release|x86
	EndGlobalSection
	GlobalSection(ProjectConfigurationPlatforms) = postSolution
		{40A44B7E-CC17-4C49-8FF0-3C9261750FE0}.Debug|x64.ActiveCfg = Debug|x64
		{40A44B7E-CC17-4C49-8FF0-3C9261750FE0}.Debug|x64.Build.0 = Debug|x64
		{40A44B7E-CC17-4C49-8FF0-3C9261750FE0}.Debug|x86.ActiveCfg = Debug|Win32
		{40A44B7E-CC17-4C49-8FF0-3C9261750FE0}.Debug|x86.Build.0 = Debug|Win32
		{40A44B7E-CC17-4C49-8FF0-3C9261750FE0}.Release|x64.ActiveCfg = Release|x64
		{40A44B7E-CC17-4C49-8FF0-3C9261750FE0}.Release|x64.Build.0 = Release|x64
		{40A44B7E-CC17-4C49-8FF0-3C9261750FE0}.Release|x86.ActiveCfg = Release|Win32
		{40A44B7E-CC17-4C49-8FF0-3C9261750FE0}.Release|x86.Build.0 = Release|Win32
		{1142343E-83FC-4CA9-BCCB-3F3B71508095}.Debug|x64.ActiveCfg = Debug|x64
		{1142343E-83FC-4CA9-BCCB-3F3B71508095}.Debug|x64.Build.0 = Debug|x64
		{1142343E-83FC-4CA9-BCCB-3F3B71508095}.Debug|x86.ActiveCfg = Debug|Win32
		{1142343E-83FC-4CA9-BCCB-3F3B71508095}.Debug|x86.Build.0 = Debug|Win32
		{1142343E-83FC-4CA9-BCCB-3F3B71508095}.Release|x64.ActiveCfg = Release|x64
		{1142343E-83FC-4CA9-BCCB-3F3B71508095}.Release|x64.Build.0 = Release|x64
		{1142343E-83FC-4CA9-BCCB-3F3B71508095}.Release|x86.ActiveCfg = Release|Win32
		{1142343E-83FC-4CA9-BCCB-3F3B71508095}.Release|x86.Build.0 = Release|Win32
		{5332A896-9E39-4523-BA9A-6F4FFB987706}.Debug|x64.ActiveCfg = Debug|x64
		{5332A896-9E39-4523-BA9A-6F4FFB987706}.Debug|x64.Build.0 = Debug|x64
		{5332A896-9E39-4523-BA9A-6F4FFB987706}.Debug|x86.ActiveCfg = Debug|Win32
		{5332A896-9E39-4523-BA9A-6F4FFB987706}.Debug|x86.Build.0 = Debug|Win32
		{5332A896-9E39-4523-BA9A-6F4FFB987706}.Release|x64.ActiveCfg = Release|x64
		{5332A896-9E39-4523-BA9A-6F4FFB987706}.Release|x64.Build.0 = Release|x64
		{5332A896-9E39-4523-BA9A-6F4FFB987706}.Release|x86.ActiveCfg = Release|Win32
		{5332A896-9E39-4523-BA9A-6F4FFB987706}.Release|x86.Build.0 = Release|Win32
		{F585E41D-3081-4C50-9163-378F860076BD}.Debug|x64.ActiveCfg = Debug|x64
		{F585E41D-3081-4C50-9163-378F860076BD}.Debug|x64.Build.0 = Debug|x64
		{F585E41D-3081-4C50-9163-378F860076BD}.Debug|x86.ActiveCfg = Debug|Win32
		{F585E41D-3081-4C50-9163-378F860076BD}.Debug|x86.Build.0 = Debug|Win32
		{F585E41D-3081-4C50-9163-378F860076BD}.Release|x64.ActiveCfg = Release|x64
		{F585E41D-3081-4C50-9163-378F860076BD}.Release|x64.Build.0 = Release|x64
		{F585E41D-3081-4C50-9163-378F860076BD}.Release|x86.ActiveCfg = Release|Win32
		{F585E41D-3081-4C50-9163-378F860076BD}.Release|x86.Build.0 = Release|Win32
		{F1AA285C-7E57-4CC4-91E2-12D397EFEC0D}.Debug|x64.ActiveCfg = Debug|x64
		{F1AA285C-7E57-4CC4-91E2-12D397EFEC0D}.Debug|x64.Build.0 = Debug|x64
		{F1AA285C-7E57-4CC4-91E2-12D397EFEC0D}.Debug|x86.ActiveCfg = Debug|Win32
		{F1AA285C-7E57-4CC4-91E2-12D397EFEC0D}.Debug|x86.Build.0 = Debug|Win32
		{F1AA285C-7E57-4CC4-91E2-12D397EFEC0D}.Release|x64.ActiveCfg = Release|x64
		{F1AA285C-7E57-4CC4-91E2-12D397EFEC0D}.Release|x64.Build.0 = Release|x64
		{F1AA285C-7E57-4CC4-91E2-12D397EFEC0D}.Release|x86.ActiveCfg = Release|Win32
		{F1AA285C-7E57-4CC4-91E2-12D397EFEC0D}.Release|x86.Build.0 = Release|Win32
		{AD4E4626-A977-4C4F-8B59-2B00A4682735}.Debug|x64.ActiveCfg = Debug|x64
		{AD4E4626-A977-4C4F-8B59-2B00A4682735}.Debug|x64.Build.0 = Debug|x64
		{AD4E4626-A977-4C4F-8B59-2B00A4682735}.Debug|x86.ActiveCfg = Debug|Win32
		{AD4E4626-A977-4C4F-8B59-2B00A4682735}.Debug|x86.Build.0 = Debug|Win32
		{AD4E4626-A977-4C4F-8B59-2B00A4682735}.Release|x64.ActiveCfg = Release|x64
		{AD4E4626-A977-4C4F-8B59-2B00A4682735}.Release|x64.Build.0 = Release|x64
		{AD4E4626-A977-4C4F-8B59-2B00A4682735}.Release|x86.ActiveCfg = Release|Win32
		{AD4E4626-A977-4C4F-8B59-2B00A4682735}.Release|x86.Build.0 = Release|Win32
		{13E3321A-763C-4C56-898C-2FE5E025B660}.Debug|x64.ActiveCfg = Debug|x64
		{13E3321A-763C-4C56-898C-2FE5E025B660}.Debug|x64.Build.0 = Debug|x64
		{13E3321A-763C-4C56-898C-2FE5E025B660}.Debug|x86.ActiveCfg = Debug|Win32
		{13E3321A-763C-4C56-898C-2FE5E025B660}.Debug|x86.Build.0 = Debug|Win32
		{13E3321A-763C-4C56-898C-2FE5E025B660}.Release|x64.ActiveCfg = Release|x64
		{13E3321A-763C-4C56-898C-2FE5E025B660}.Release|x64.Build.0 = Release|x64
		{13E3321A-763C-4C56-898C-2FE5E025B660}.Release|x86.ActiveCfg = Release|Win32
		{13E3321A-763C-4C56-898C-2FE5E025B660}.Release|x86.Build.0 = Release|Win32
		{9DD78678-5B09-430C-9BC3-573F5FF76EC7}.Debug|x64.ActiveCfg = Debug|x64
		{9DD78678-5B09-430C-9BC3-573F5FF76EC7}.Debug|x64.Build.0 = Debug|x64
		{9DD78678-5B09-430C-9BC3-573F5FF76EC7}.Debug|x86.ActiveCfg = Debug|Win32
		{9DD78678-5B09-430C-9BC3-573F5FF76EC7}.Debug|x86.Build.0 = Debug|Win32
		{9DD78678-5B09-430C-9BC3-573F5FF76EC7}.Release|x64.ActiveCfg = Release|x64
		{9DD78678-5B09-430C-9BC3-573F5FF76EC7}.Release|x64.Build.0 = Release|x64
		{9DD78678-5B09-430C-9BC3-573F5FF76EC7}.Release|x86.ActiveCfg = Release|Win32
		{9DD78678-5B09-430C-9BC3-573F5FF76EC7}.Release|x86.Build.0 = Release|Win32
		{F763E6B5-485F-4B73-846B-C1285139C784}.Debug|x64.ActiveCfg = Debug|x64
		{F763E6B5-485F-4B73-846B-C1285139C784}.Debug|x64.Build.0 = Debug|x64
		{F763E6B5-485F-4B73-846B-C1285139C784}.Debug|x86.ActiveCfg = Debug|Win32
		{F763E6B5-485F-4B73-846B-C1285139C784}.Debug|x86.Build.0 = Debug|Win32
		{F763E6B5-485F-4B73-846B-C1285139C784}.Release|x64.ActiveCfg = Release|x64
		{F763E6B5-485F-4B73-846B-C1285139C784}.Release|x64.Build.0 = Release|x64
		{F763E6B5-485F-4B73-846B-C1285139C784}.Release|x86.ActiveCfg = Release|Win32
		{F763E6B5-485F-4B73-846B-C1285139C784}.Release|x86.Build.0 = Release|Win32
		{6BB304F5-C83A-4FED-B582-91FD69E21872}.Debug|x64.ActiveCfg = Debug|x64
		{6BB304F5-C83A-4FED-B582-91FD69E21872}.Debug|x64.Build.0 = Debug|x64
		{6BB304F5-C83A-4FED-B582-91FD69E21872}.Debug|x86.ActiveCfg = Debug|Win32
		{6BB304F5-C83A-4FED-B582-91FD69E21872}.Debug|x86.Build.0 = Debug|Win32
		{6BB304F5-C83A-4FED-B582-91FD69E21872}.Release|x64.ActiveCfg = Release|x64
		{6BB304F5-C83A-4FED-B582-91FD69E21872}.Release|x64.Build.0 = Release|x64
		{6BB304F5-C83A-4FED-B582-91FD69E21872}.Release|x86.ActiveCfg = Release|Win32
		{6BB304F5-C83A-4FED-B582-91FD69E21872}.Release|x86.Build.0 = Release|Win32
		{5D1B4465-A61E-4457-9EA7-AA099EFA96BD}.Debug|x64.ActiveCfg = Debug|x64
		{5D1B4465-A61E-4457-9EA7-AA099EFA96BD}.Debug|x64.Build.0 = Debug|x64
		{5D1B4465-A61E-4457-9EA7-AA099EFA96BD}.Debug|x86.ActiveCfg = Debug|Win32
		{5D1B4465-A61E-4457-9EA7-AA099EFA96BD}.Debug|x86.Build.0 = Debug|Win32
		{5D1B4465-A61E-4457-9EA7-AA099EFA96BD}.Release|x64.ActiveCfg = Release|x64
		{5D1B4465-A61E-4457-9EA7-AA099EFA96BD}.Release|x64.Build.0 = Release|x64
		{5D1B4465-A61E-4457-9EA7-AA099EFA96BD}.Release|x86.ActiveCfg = Release|Win32
		{5D1B4465-A61E-4457-9EA7-AA099EFA96BD}.Release|x86.Build.0 = Release|Win32
		{0CAB18B3-7C67-47FC-B80F-526CF2995B66}.Debug|x64.ActiveCfg = Debug|x64
		{0CAB18B3-7C67-47FC-B80F-526CF2995B66}.Debug|x64.Build.0 = Debug|x64
		{0CAB18B3-7C67-47FC-B80F-526CF2995B66}.Debug|x86.ActiveCfg = Debug|Win32
		{0CAB18B3-7C67-47FC-B80F-526CF2995B66}.Debug|x86.Build.0 = Debug|Win32
		{0CAB18B3-7C67-47FC-B80F-526CF2995B66}.Release|x64.ActiveCfg = Release|x64
		{0CAB18B3-7C67-47FC-B80F-526CF2995B66}.Release|x64.Build.0 = Release|x64
		{0CAB18B3-7C67-47FC-B80F-526CF2995B66}.Release|x86.ActiveCfg = Release|Win32
		{0CAB18B3-7C67-47FC-B80F-526CF2995B66}.Release|x86.Build.0 = Release|Win32
		{5340D38D-CFFA-4B2B-BEEB-09346B696176}.Debug|x64.ActiveCfg = Debug|x64
		{5340D38D-CFFA-4B2B-BEEB-09346B696176}.Debug|x64.Build.0 = Debug|x64
		{5340D38D-CFFA-4B2B-BEEB-09346B696176}.Debug|x86.ActiveCfg = Debug|Win32
		{5340D38D-CFFA-4B2B-BEEB-09346B696176}.Debug|x86.Build.0 = Debug|Win32
		{5340D38D-CFFA-4B2B-BEEB-09346B696176}.Release|x64.ActiveCfg = Release|x64
		{5340D38D-CFFA-4B2B-BEEB-09346B696176}.Release|x64.Build.0 = Release|x64
		{5340D38D-CFFA-4B2B-BEEB-09346B696176}.Release|x86.ActiveCfg = Release|Win32
		{5340D38D-CFFA-4B2B-BEEB-09346B696176}.Release|x86.Build.0 = Release|Win32
		{E7985A10-A311-4652-8FF5-C6DA71873CED}.Debug|x64.ActiveCfg = Debug|x64
		{E7985A10-A311-4652-8FF5-C6DA71873CED}.Debug|x64.Build.0 = Debug|x64
		{E7985A10-A311-4652-8FF5-C6DA71873CED}.Debug|x86.ActiveCfg = Debug|Win32
		{E7985A10-A311-4652-8FF5-C6DA71873CED}.Debug|x86.Build.0 = Debug|Win32
		{E7985A10-A311-4652-8FF5-C6DA71873CED}.Release|x64.ActiveCfg = Release|x64
		{E7985A10-A311-4652-8FF5-C6DA71873CED}.Release|x64.Build.0 = Release|x64
		{E7985A10-A311-4652-8FF5-C6DA71873CED}.Release|x86.ActiveCfg = Release|Win32
		{E7985A10-A311-4652-8FF5-C6DA71873CED}.Release|x86.Build.0 = Release|Win32
		{6525C89F-2FA9-4E14-B534-F499743EE12F}.Debug|x64.ActiveCfg = Debug|x64
		{6525C89F-2FA9-4E14-B534-F499743EE12F}.Debug|x64.Build.0 = Debug|x64
		{6525C89F-2FA9-4E14-B534-F499743EE12F}.Debug|x86.ActiveCfg = Debug|Win32
		{6525C89F-2FA9-4E14-B534-F499743EE12F}.Debug|x86.Build.0 = Debug|Win32
		{6525C89F-2FA9-4E14-B534-F499743EE12F}.Release|x64.ActiveCfg = Release|x64
		{6525C89F-2FA9-4E14-B534-F499743EE12F}.Release|x64.Build.0 = Release|x64
		{6525C89F-2FA9-4E14-B534-F499743EE12F}.Release|x86.ActiveCfg = Release|Win32
		{6525C89F-2FA9-4E14-B534-F499743EE12F}.Release|x86.Build.0 = Release|Win32
		{75B9B7CA-D5D5-43AC-8DD8-92DA2AB6D980}.Debug|x64.ActiveCfg = Debug|x64
		{75B9B7CA-D5D5-43AC-8DD8-92DA2AB6D980}.Debug|x64.Build.0 = Debug|x64
		{75B9B7CA-D5D5-43AC-8DD8-92DA2AB6D980}.Debug|x86.ActiveCfg = Debug|Win32
		{75B9B7CA-D5D5-43AC-8DD8-92DA2AB6D980}.Debug|x86.Build.0 = Debug|Win32
		{75B9B7CA-D5D5-43AC-8DD8-92DA2AB6D980}.Release|x64.ActiveCfg = Release|x64
		{75B9B7CA-D5D5-43AC-8DD8-92DA2AB6D980}.Release|x64.Build.0 = Release|x64
		{75B9B7CA-D5D5-43AC-8DD8-92DA2AB6D980}.Release|x86.ActiveCfg = Release|Win32
		{75B9B7CA-D5D5-43AC-8DD8-92DA2AB6D980}.Release|x86.Build.0 = Release|Win32
		{1AA16CB1-0E33-4E3F-A5F2-8F6F2441472C}.Debug|x64.ActiveCfg = Debug|x64
		{1AA16CB1-0E33-4E3F-A5F2-8F6F2441472C}.Debug|x64.Build.0 = Debug|x64
		{1AA16CB1-0E33-4E3F-A5F2-8F6F2441472C}.Debug|x86.ActiveCfg = Debug|Win32
		{1AA16CB1-0E33-4E3F-A5F2-8F6F2441472C}.Debug|x86.Build.0 = Debug|Win32
		{1AA16CB1-0E33-4E3F-A5F2-8F6F2441472C}.Release|x64.ActiveCfg = Release|x64
		{1AA16CB1-0E33-4E3F-A5F2-8F6F2441472C}.Release|x64.Build.0 = Release|x64
		{1AA16CB1-0E33-4E3F-A5F2-8F6F2441472C}.Release|x86.ActiveCfg = Release|Win32
		{1AA16CB1-0E33-4E3F-A5F2-8F6F2441472C}.Release|x86.Build.0 = Release|Win32
		{7225A851-D918-44B4-9DD2-9CA651D2861C}.Debug|x64.ActiveCfg = Debug|x64
		{7225A851-D918-44B4-9DD2-9CA651D2861C}.Debug|x64.Build.0 = Debug|x64
		{7225A851-D918-44B4-9DD2-9CA651D2861C}.Debug|x86.ActiveCfg = Debug|Win32
		{7225A851-D918-44B4-9DD2-9CA651D2861C}.Debug|x86.Build.0 = Debug|Win32
		{7225A851-D918-44B4-9DD2-9CA651D2861C}.Release|x64.ActiveCfg = Release|x64
		{7225A851-D918-44B4-9DD2-9CA651D2861C}.Release|x64.Build.0 = Release|x64
		{7225A851-D918-44B4-9DD2-9CA651D2861C}.Release|x86.ActiveCfg = Release|Win32
		{7225A851-D918-44B4-9DD2-9CA651D2861C}.Release|x86.Build.0 = Release|Win32
		{A2901866-AE55-4B69-854C-50B875DB3DAA}.Debug|x64.ActiveCfg = Debug|x64
		{A2901866-AE55-4B69-854C-50B875DB3DAA}.Debug|x64.Build.0 = Debug|x64
		{A2901866-AE55-4B69-854C-50B875DB3DAA}.Debug|x86.ActiveCfg = Debug|Win32
		{A2901866-AE55-4B69-854C-50B875DB3DAA}.Debug|x86.Build.0 = Debug|Win32
		{A2901866-AE55-4B69-854C-50B875DB3DAA}.Release|x64.ActiveCfg = Release|x64
		{A2901866-AE55-4B69-854C-50B875DB3DAA}.Release|x64.Build.0 = Release|x64
		{A2901866-AE55-4B69-854C-50B875DB3DAA}.Release|x86.ActiveCfg = Release|Win32
		{A2901866-AE55-4B69-854C-50B875DB3DAA}.Release|x86.Build.0 = Release|Win32
		{AA401E7E-AE6F-4862-B909-62189981B090}.Debug|x64.ActiveCfg = Debug|x64
		{AA401E7E-AE6F-4862-B909-62189981B090}.Debug|x64.Build.0 = Debug|x64
		{AA401E7E-AE6F-4862-B909-62189981B090}.Debug|x86.ActiveCfg = Debug|Win32
		{AA401E7E-AE6F-4862-B909-62189981B090}.Debug|x86.Build.0 = Debug|Win32
		{AA401E7E-AE6F-4862-B909-62189981B090}.Release|x64.ActiveCfg = Release|x64
		{AA401E7E-AE6F-4862-B909-62189981B090}.Release|x64.Build.0 = Release|x64
		{AA401E7E-AE6F-4862-B909-62189981B090}.Release|x86.ActiveCfg = Release|Win32
		{AA401E7E-AE6F-4862-B909-62189981B090}.Release|x86.Build.0 = Release|Win32
		{DE78D740-51F7-4DC5-AEB8-7AC00B789C6A}.Debug|x64.ActiveCfg = Debug|x64
		{DE78D740-51F7-4DC5-AEB8-7AC00B789C6A}.Debug|x64.Build.0 = Debug|x64
		{DE78D740-51F7-4DC5-AEB8-7AC00B789C6A}.Debug|x86.ActiveCfg = Debug|Win32
		{DE78D740-51F7-4DC5-AEB8-7AC00B789C6A}.Debug|x86.Build.0 = Debug|Win32
		{DE78D740-51F7-4DC5-AEB8-7AC00B789C6A}.Release|x64.ActiveCfg = Release|x64
		{DE78D740-51F7-4DC5-AEB8-7AC00B789C6A}.Release|x64.Build.0 = Release|x64
		{DE78D740-51F7-4DC5-AEB8-7AC00B789C6A}.Release|x86.ActiveCfg = Release|Win32
		{DE78D740-51F7-4DC5-AEB8-7AC00B789C6A}.Release|x86.Build.0 = Release|Win32
		{562D5063-37CF-40DE-96D9-14DC96441FEB}.Debug|x64.ActiveCfg = Debug|x64
		{562D5063-37CF-40DE-96D9-14DC96441FEB}.Debug|x64.Build.0 = Debug|x64
		{562D5063-37CF-40DE-96D9-14DC96441FEB}.Debug|x86.ActiveCfg = Debug|Win32
		{562D5063-37CF-40DE-96D9-14DC96441FEB}.Debug|x86.Build.0 = Debug|Win32
		{562D5063-37CF-40DE-96D9-14DC96441FEB}.Release|x64.ActiveCfg = Release|x64
		{562D5063-37CF-40DE-96D9-14DC96441FEB}.Release|x64.Build.0 = Release|x64
		{562D5063-37CF-40DE-96D9-14DC96441FEB}.Release|x86.ActiveCfg = Release|Win32
		{562D5063-37CF-40DE-96D9-14DC96441FEB}.Release|x86.Build.0 = Release|Win32
		{AB8FA7D9-364A-47B6-A183-0240C10495E0}.Debug|x64.ActiveCfg = Debug|x64
		{AB8FA7D9-364A-47B6-A183-0240C10495E0}.Debug|x64.Build.0 = Debug|x64
		{AB8FA7D9-364A-47B6-A183-0240C10495E0}.Debug|x86.ActiveCfg = Debug|Win32
		{AB8FA7D9-364A-47B6-A183-0240C10495E0}.Debug|x86.Build.0 = Debug|Win32
		{AB8FA7D9-364A-47B6-A183-0240C10495E0}.Release|x64.ActiveCfg = Release|x64
		{AB8FA7D9-364A-47B6-A183-0240C10495E0}.Release|x64.Build.0 = Release|x64
		{AB8FA7D9-364A-47B6-A183-0240C10495E0}.Release|x86.ActiveCfg = Release|Win32
		{AB8FA7D9-364A-47B6-A183-0240C10495E0}.Release|x86.Build.0 = Release|Win32
		{1C4FB127-05BE-49C4-9927-130A23282069}.Debug|x64.ActiveCfg = Debug|x64
		{1C4FB127-05BE-49C4-9927-130A23282069}.Debug|x64.Build.0 = Debug|x64
		{1C4FB127-05BE-49C4-9927-130A23282069}.Debug|x86.ActiveCfg = Debug|Win32
		{1C4FB127-05BE-49C4-9927-130A23282069}.Debug|x86.Build.0 = Debug|Win32
		{1C4FB127-05BE-49C4-9927-130A23282069}.Release|x64.ActiveCfg = Release|x64
		{1C4FB127-05BE-49C4-9927-130A23282069}.Release|x64.Build.0 = Release|x64
		{1C4FB127-05BE-49C4-9927-130A23282069}.Release|x86.ActiveCfg = Release|Win32
		{1C4FB127-05BE-49C4-9927-130A23282069}.Release|x86.Build.0 = Release|Win32
		{580D2C63-43EE-4AE9-9F03-B2F8A5ACC485}.Debug|x64.ActiveCfg = Debug|x64
		{580D2C63-43EE-4AE9-9F03-B2F8A5ACC485}.Debug|x64.Build.0 = Debug|x64
		{580D2C63-43EE-4AE9-9F03-B2F8A5ACC485}.Debug|x86.ActiveCfg = Debug|Win32
		{580D2C63-43EE-4AE9-9F03-B2F8A5ACC485}.Debug|x86.Build.0 = Debug|Win32
		{580D2C63-43EE-4AE9-9F03-B2F8A5ACC485}.Release|x64.ActiveCfg = Release|x64
		{580D2C63-43EE-4AE9-9F03-B2F8A5ACC485}.Release|x64.Build.0 = Release|x64
		{580D2C63-43EE-4AE9-9F03-B2F8A5ACC485}.Release|x86.ActiveCfg = Release|Win32
		{580D2C63-43EE-4AE9-9F03-B2F8A5ACC485}.Release|x86.Build.0 = Release|Win32
		{AEDA5176-7CF4-4CF4-AF4A-094BFC0DEB0D}.Debug|x64.ActiveCfg = Debug|x64
		{AEDA5176-7CF4-4CF4-AF4A-094BFC0DEB0D}.Debug|x64.Build.0 = Debug|x64
		{AEDA5176-7CF4-4CF4-AF4A-094BFC0DEB0D}.Debug|x86.ActiveCfg = Debug|Win32
		{AEDA5176-7CF4-4CF4-AF4A-094BFC0DEB0D}.Debug|x86.Build.0 = Debug|Win32
		{AEDA5176-7CF4-4CF4-AF4A-094BFC0DEB0D}.Release|x64.ActiveCfg = Release|x64
		{AEDA5176-7CF4-4CF4-AF4A-094BFC0DEB0D}.Release|x64.Build.0 = Release|x64
		{AEDA5176-7CF4-4CF4-AF4A-094BFC0DEB0D}.Release|x86.ActiveCfg = Release|Win32
		{AEDA5176-7CF4-4CF4-AF4A-094BFC0DEB0D}.Release|x86.Build.0 = Release|Win32
		{CE626E8F-0004-4E70-856E-BE93F7DD43F0}.Debug|x64.ActiveCfg = Debug|x64
		{CE626E8F-0004-4E70-856E-BE93F7DD43F0}.Debug|x64.Build.0 = Debug|x64
		{CE626E8F-0004-4E70-856E-BE93F7DD43F0}.Debug|x86.ActiveCfg = Debug|Win32
		{CE626E8F-0004-4E70-856E-BE93F7DD43F0}.Debug|x86.Build.0 = Debug|Win32
		{CE626E8F-0004-4E70-856E-BE93F7DD43F0}.Release|x64.ActiveCfg = Release|x64
		{CE626E8F-0004-4E70-856E-BE93F7DD43F0}.Release|x64.Build.0 = Release|x64
		{CE626E8F-0004-4E70-856E-BE93F7DD43F0}.Release|x86.ActiveCfg = Release|Win32
		{CE626E8F-0004-4E70-856E-BE93F7DD43F0}.Release|x86.Build.0 = Release|Win32
		{ED4E2FA3-F306-4242-A8ED-8A75786455E1}.Debug|x64.ActiveCfg = Debug|x64
		{ED4E2FA3-F306-4242-A8ED-8A75786455E1}.Debug|x64.Build.0 = Debug|x64
		{ED4E2FA3-F306-4242-A8ED-8A75786455E1}.Debug|x86.ActiveCfg = Debug|Win32
		{ED4E2FA3-F306-4242-A8ED-8A75786455E1}.Debug|x86.Build.0 = Debug|Win32
		{ED4E2FA3-F306-4242-A8ED-8A75786455E1}.Release|x64.ActiveCfg = Release|x64
		{ED4E2FA3-F306-4242-A8ED-8A75786455E1}.Release|x64.Build.0 = Release|x64
		{ED4E2FA3-F306-4242-A8ED-8A75786455E1}.Release|x86.ActiveCfg = Release|Win32
		{ED4E2FA3-F306-4242-A8ED-8A75786455E1}.Release|x86.Build.0 = Release|Win32
		{B59B4975-A3DD-4081-8B45-B0BD382C78E0}.Debug|x64.ActiveCfg = Debug|x64
		{B59B4975-A3DD-4081-8B45-B0BD382C78E0}.Debug|x64.Build.0 = Debug|x64
		{B59B4975-A3DD-4081-8B45-B0BD382C78E0}.Debug|x86.ActiveCfg = Debug|Win32
		{B59B4975-A3DD-4081-8B45-B0BD382C78E0}.Debug|x86.Build.0 = Debug|Win32
		{B59B4975-A3DD-4081-8B45-B0BD382C78E0}.Release|x64.ActiveCfg = Release|x64
		{B59B4975-A3DD-4081-8B45-B0BD382C78E0}.Release|x64.Build.0 = Release|x64
		{B59B4975-A3DD-4081-8B45-B0BD382C78E0}.Release|x86.ActiveCfg = Release|Win32
		{B59B4975-A3DD-4081-8B45-B0BD382C78E0}.Release|x86.Build.0 = Release|Win32
		{E4F7AD22-47E4-4CDD-8C8A-7D471A82843E}.Debug|x64.ActiveCfg = Debug|x64
		{E4F7AD22-47E4-4CDD-8C8A-7D471A82843E}.Debug|x64.Build.0 = Debug|x64
		{E4F7AD22-47E4-4CDD-8C8A-7D471A82843E}.Debug|x86.ActiveCfg = Debug|Win32
		{E4F7AD22-47E4-4CDD-8C8A-7D471A82843E}.Debug|x86.Build.0 = Debug|Win32
		{E4F7AD22-47E4-4CDD-8C8A-7D471A82843E}.Release|x64.ActiveCfg = Release|x64
		{E4F7AD22-47E4-4CDD-8C8A-7D471A82843E}.Release|x64.Build.0 = Release|x64
		{E4F7AD22-47E4-4CDD-8C8A-7D471A82843E}.Release|x86.ActiveCfg = Release|Win32
		{E4F7AD22-47E4-4CDD-8C8A-7D471A82843E}.Release|x86.Build.0 = Release|Win32
		{0B6D35C7-F85A-4163-84FD-13994A761A60}.Debug|x64.ActiveCfg = Debug|x64
		{0B6D35C7-F85A-4163-84FD-13994A761A60}.Debug|x64.Build.0 = Debug|x64
		{0B6D35C7-F85A-4163-84FD-13994A761A60}.Debug|x86.ActiveCfg = Debug|Win32
		{0B6D35C7-F85A-4163-84FD-13994A761A60}.Debug|x86.Build.0 = Debug|Win32
		{0B6D35C7-F85A-4163-84FD-13994A761A60}.Release|x64.ActiveCfg = Release|x64
		{0B6D35C7-F85A-4163-84FD-13994A761A60}.Release|x64.Build.0 = Release|x64
		{0B6D35C7-F85A-4163-84FD-13994A761A60}.Release|x86.ActiveCfg = Release|Win32
		{0B6D35C7-F85A-4163-84FD-13994A761A60}.Release|x86.Build.0 = Release|Win32
		{468F7CBD-2B65-428C-AE05-6E35A9B49F5E}.Debug|x64.ActiveCfg = Debug|x64
		{468F7CBD-2B65-428C-AE05-6E35A9B49F5E}.Debug|x64.Build.0 = Debug|x64
		{468F7CBD-2B65-428C-AE05-6E35A9B49F5E}.Debug|x86.ActiveCfg = Debug|Win32
		{468F7CBD-2B65-428C-AE05-6E35A9B49F5E}.Debug|x86.Build.0 = Debug|Win32
		{468F7CBD-2B65-428C-AE05-6E35A9B49F5E}.Release|x64.ActiveCfg = Release|x64
		{468F7CBD-2B65-428C-AE05-6E35A9B49F5E}.Release|x64.Build.0 = Release|x64
		{468F7CBD-2B65-428C-AE05-6E35A9B49F5E}.Release|x86.ActiveCfg = Release|Win32
		{468F7CBD-2B65-428C-AE05-6E35A9B49F5E}.Release|x86.Build.0 = Release|Win32
	EndGlobalSection
	GlobalSection(SolutionProperties) = preSolution
		HideSolutionNode = FALSE
	EndGlobalSection
	GlobalSection(NestedProjects) = preSolution
		{40A44B7E-CC17-4C49-8FF0-3C9261750FE0} = {3FEA3866-9372-49DA-A7BB-C2D59006BA29}
		{1142343E-83FC-4CA9-BCCB-3F3B71508095} = {3FEA3866-9372-49DA-A7BB-C2D59006BA29}
		{5332A896-9E39-4523-BA9A-6F4FFB987706} = {3FEA3866-9372-49DA-A7BB-C2D59006BA29}
		{F585E41D-3081-4C50-9163-378F860076BD} = {3FEA3866-9372-49DA-A7BB-C2D59006BA29}
		{F1AA285C-7E57-4CC4-91E2-12D397EFEC0D} = {3FEA3866-9372-49DA-A7BB-C2D59006BA29}
		{AD4E4626-A977-4C4F-8B59-2B00A4682735} = {A8EF12F6-B672-4E5C-A1BA-C4209BEA7A58}
		{13E3321A-763C-4C56-898C-2FE5E025B660} = {A8EF12F6-B672-4E5C-A1BA-C4209BEA7A58}
		{9DD78678-5B09-430C-9BC3-573F5FF76EC7} = {98A2B64B-5922-4AD6-BE4C-357166215A2C}
		{F763E6B5-485F-4B73-846B-C1285139C784} = {98A2B64B-5922-4AD6-BE4C-357166215A2C}
		{6BB304F5-C83A-4FED-B582-91FD69E21872} = {98A2B64B-5922-4AD6-BE4C-357166215A2C}
		{5D1B4465-A61E-4457-9EA7-AA099EFA96BD} = {98A2B64B-5922-4AD6-BE4C-357166215A2C}
		{0CAB18B3-7C67-47FC-B80F-526CF2995B66} = {24DDD0D6-C596-47F5-AB4E-2836261715F2}
		{5340D38D-CFFA-4B2B-BEEB-09346B696176} = {24DDD0D6-C596-47F5-AB4E-2836261715F2}
		{E7985A10-A311-4652-8FF5-C6DA71873CED} = {98A2B64B-5922-4AD6-BE4C-357166215A2C}
		{6525C89F-2FA9-4E14-B534-F499743EE12F} = {98A2B64B-5922-4AD6-BE4C-357166215A2C}
		{75B9B7CA-D5D5-43AC-8DD8-92DA2AB6D980} = {98A2B64B-5922-4AD6-BE4C-357166215A2C}
		{1AA16CB1-0E33-4E3F-A5F2-8F6F2441472C} = {98A2B64B-5922-4AD6-BE4C-357166215A2C}
		{7225A851-D918-44B4-9DD2-9CA651D2861C} = {98A2B64B-5922-4AD6-BE4C-357166215A2C}
		{A2901866-AE55-4B69-854C-50B875DB3DAA} = {98A2B64B-5922-4AD6-BE4C-357166215A2C}
		{AA401E7E-AE6F-4862-B909-62189981B090} = {98A2B64B-5922-4AD6-BE4C-357166215A2C}
		{DE78D740-51F7-4DC5-AEB8-7AC00B789C6A} = {98A2B64B-5922-4AD6-BE4C-357166215A2C}
		{562D5063-37CF-40DE-96D9-14DC96441FEB} = {98A2B64B-5922-4AD6-BE4C-357166215A2C}
		{5AB3C920-B32D-4B95-A1B0-65BBB8A88F6E} = {24DDD0D6-C596-47F5-AB4E-2836261715F2}
		{AB8FA7D9-364A-47B6-A183-0240C10495E0} = {5AB3C920-B32D-4B95-A1B0-65BBB8A88F6E}
		{1C4FB127-05BE-49C4-9927-130A23282069} = {5AB3C920-B32D-4B95-A1B0-65BBB8A88F6E}
		{580D2C63-43EE-4AE9-9F03-B2F8A5ACC485} = {5AB3C920-B32D-4B95-A1B0-65BBB8A88F6E}
		{7270B653-F0AE-4B50-AD0A-5C870E4E17FD} = {623C21A4-E3E1-4D4C-B20F-CE9AF044681B}
		{AEDA5176-7CF4-4CF4-AF4A-094BFC0DEB0D} = {7270B653-F0AE-4B50-AD0A-5C870E4E17FD}
		{CE626E8F-0004-4E70-856E-BE93F7DD43F0} = {7270B653-F0AE-4B50-AD0A-5C870E4E17FD}
		{ED4E2FA3-F306-4242-A8ED-8A75786455E1} = {7C9B0D1F-ACB0-4C7C-AC2D-E9B1C6D3DB04}
		{B59B4975-A3DD-4081-8B45-B0BD382C78E0} = {7C9B0D1F-ACB0-4C7C-AC2D-E9B1C6D3DB04}
		{E4F7AD22-47E4-4CDD-8C8A-7D471A82843E} = {7C9B0D1F-ACB0-4C7C-AC2D-E9B1C6D3DB04}
		{0B6D35C7-F85A-4163-84FD-13994A761A60} = {7C9B0D1F-ACB0-4C7C-AC2D-E9B1C6D3DB04}
		{468F7CBD-2B65-428C-AE05-6E35A9B49F5E} = {7C9B0D1F-ACB0-4C7C-AC2D-E9B1C6D3DB04}
	EndGlobalSection
	GlobalSection(ExtensibilityGlobals) = postSolution
		SolutionGuid = {381AA65B-A538-4284-B0E9-FBE15AB6B777}
	EndGlobalSection
EndGlobal
